// !$*UTF8*$!
{
	archiveVersion = 1;
	classes = {
	};
	objectVersion = 56;
	objects = {

/* Begin PBXBuildFile section */
		040FADB52AD53973008E26EC /* AppDelegate.m in Sources */ = {isa = PBXBuildFile; fileRef = 040FADB42AD53973008E26EC /* AppDelegate.m */; };
		040FADB82AD53973008E26EC /* SceneDelegate.m in Sources */ = {isa = PBXBuildFile; fileRef = 040FADB72AD53973008E26EC /* SceneDelegate.m */; };
		040FADBB2AD53973008E26EC /* ViewController.m in Sources */ = {isa = PBXBuildFile; fileRef = 040FADBA2AD53973008E26EC /* ViewController.m */; };
		040FADBE2AD53973008E26EC /* Main.storyboard in Resources */ = {isa = PBXBuildFile; fileRef = 040FADBC2AD53973008E26EC /* Main.storyboard */; };
		040FADC02AD53975008E26EC /* Assets.xcassets in Resources */ = {isa = PBXBuildFile; fileRef = 040FADBF2AD53975008E26EC /* Assets.xcassets */; };
		040FADC32AD53975008E26EC /* LaunchScreen.storyboard in Resources */ = {isa = PBXBuildFile; fileRef = 040FADC12AD53975008E26EC /* LaunchScreen.storyboard */; };
		040FADC62AD53975008E26EC /* main.m in Sources */ = {isa = PBXBuildFile; fileRef = 040FADC52AD53975008E26EC /* main.m */; };
		040FADD02AD53975008E26EC /* weakStrongTests.m in Sources */ = {isa = PBXBuildFile; fileRef = 040FADCF2AD53975008E26EC /* weakStrongTests.m */; };
		040FADDA2AD53975008E26EC /* weakStrongUITests.m in Sources */ = {isa = PBXBuildFile; fileRef = 040FADD92AD53975008E26EC /* weakStrongUITests.m */; };
		040FADDC2AD53975008E26EC /* weakStrongUITestsLaunchTests.m in Sources */ = {isa = PBXBuildFile; fileRef = 040FADDB2AD53975008E26EC /* weakStrongUITestsLaunchTests.m */; };
/* End PBXBuildFile section */

/* Begin PBXContainerItemProxy section */
		040FADCC2AD53975008E26EC /* PBXContainerItemProxy */ = {
			isa = PBXContainerItemProxy;
			containerPortal = 040FADA82AD53973008E26EC /* Project object */;
			proxyType = 1;
			remoteGlobalIDString = 040FADAF2AD53973008E26EC;
			remoteInfo = weakStrong;
		};
		040FADD62AD53975008E26EC /* PBXContainerItemProxy */ = {
			isa = PBXContainerItemProxy;
			containerPortal = 040FADA82AD53973008E26EC /* Project object */;
			proxyType = 1;
			remoteGlobalIDString = 040FADAF2AD53973008E26EC;
			remoteInfo = weakStrong;
		};
/* End PBXContainerItemProxy section */

/* Begin PBXFileReference section */
		040FADB02AD53973008E26EC /* weakStrong.app */ = {isa = PBXFileReference; explicitFileType = wrapper.application; includeInIndex = 0; path = weakStrong.app; sourceTree = BUILT_PRODUCTS_DIR; };
		040FADB32AD53973008E26EC /* AppDelegate.h */ = {isa = PBXFileReference; lastKnownFileType = sourcecode.c.h; path = AppDelegate.h; sourceTree = "<group>"; };
		040FADB42AD53973008E26EC /* AppDelegate.m */ = {isa = PBXFileReference; lastKnownFileType = sourcecode.c.objc; path = AppDelegate.m; sourceTree = "<group>"; };
		040FADB62AD53973008E26EC /* SceneDelegate.h */ = {isa = PBXFileReference; lastKnownFileType = sourcecode.c.h; path = SceneDelegate.h; sourceTree = "<group>"; };
		040FADB72AD53973008E26EC /* SceneDelegate.m */ = {isa = PBXFileReference; lastKnownFileType = sourcecode.c.objc; path = SceneDelegate.m; sourceTree = "<group>"; };
		040FADB92AD53973008E26EC /* ViewController.h */ = {isa = PBXFileReference; lastKnownFileType = sourcecode.c.h; path = ViewController.h; sourceTree = "<group>"; };
		040FADBA2AD53973008E26EC /* ViewController.m */ = {isa = PBXFileReference; lastKnownFileType = sourcecode.c.objc; path = ViewController.m; sourceTree = "<group>"; };
		040FADBD2AD53973008E26EC /* Base */ = {isa = PBXFileReference; lastKnownFileType = file.storyboard; name = Base; path = Base.lproj/Main.storyboard; sourceTree = "<group>"; };
		040FADBF2AD53975008E26EC /* Assets.xcassets */ = {isa = PBXFileReference; lastKnownFileType = folder.assetcatalog; path = Assets.xcassets; sourceTree = "<group>"; };
		040FADC22AD53975008E26EC /* Base */ = {isa = PBXFileReference; lastKnownFileType = file.storyboard; name = Base; path = Base.lproj/LaunchScreen.storyboard; sourceTree = "<group>"; };
		040FADC42AD53975008E26EC /* Info.plist */ = {isa = PBXFileReference; lastKnownFileType = text.plist.xml; path = Info.plist; sourceTree = "<group>"; };
		040FADC52AD53975008E26EC /* main.m */ = {isa = PBXFileReference; lastKnownFileType = sourcecode.c.objc; path = main.m; sourceTree = "<group>"; };
		040FADCB2AD53975008E26EC /* weakStrongTests.xctest */ = {isa = PBXFileReference; explicitFileType = wrapper.cfbundle; includeInIndex = 0; path = weakStrongTests.xctest; sourceTree = BUILT_PRODUCTS_DIR; };
		040FADCF2AD53975008E26EC /* weakStrongTests.m */ = {isa = PBXFileReference; lastKnownFileType = sourcecode.c.objc; path = weakStrongTests.m; sourceTree = "<group>"; };
		040FADD52AD53975008E26EC /* weakStrongUITests.xctest */ = {isa = PBXFileReference; explicitFileType = wrapper.cfbundle; includeInIndex = 0; path = weakStrongUITests.xctest; sourceTree = BUILT_PRODUCTS_DIR; };
		040FADD92AD53975008E26EC /* weakStrongUITests.m */ = {isa = PBXFileReference; lastKnownFileType = sourcecode.c.objc; path = weakStrongUITests.m; sourceTree = "<group>"; };
		040FADDB2AD53975008E26EC /* weakStrongUITestsLaunchTests.m */ = {isa = PBXFileReference; lastKnownFileType = sourcecode.c.objc; path = weakStrongUITestsLaunchTests.m; sourceTree = "<group>"; };
/* End PBXFileReference section */

/* Begin PBXFrameworksBuildPhase section */
		040FADAD2AD53973008E26EC /* Frameworks */ = {
			isa = PBXFrameworksBuildPhase;
			buildActionMask = 2147483647;
			files = (
			);
			runOnlyForDeploymentPostprocessing = 0;
		};
		040FADC82AD53975008E26EC /* Frameworks */ = {
			isa = PBXFrameworksBuildPhase;
			buildActionMask = 2147483647;
			files = (
			);
			runOnlyForDeploymentPostprocessing = 0;
		};
		040FADD22AD53975008E26EC /* Frameworks */ = {
			isa = PBXFrameworksBuildPhase;
			buildActionMask = 2147483647;
			files = (
			);
			runOnlyForDeploymentPostprocessing = 0;
		};
/* End PBXFrameworksBuildPhase section */

/* Begin PBXGroup section */
		040FADA72AD53973008E26EC = {
			isa = PBXGroup;
			children = (
				040FADB22AD53973008E26EC /* weakStrong */,
				040FADCE2AD53975008E26EC /* weakStrongTests */,
				040FADD82AD53975008E26EC /* weakStrongUITests */,
				040FADB12AD53973008E26EC /* Products */,
			);
			sourceTree = "<group>";
		};
		040FADB12AD53973008E26EC /* Products */ = {
			isa = PBXGroup;
			children = (
				040FADB02AD53973008E26EC /* weakStrong.app */,
				040FADCB2AD53975008E26EC /* weakStrongTests.xctest */,
				040FADD52AD53975008E26EC /* weakStrongUITests.xctest */,
			);
			name = Products;
			sourceTree = "<group>";
		};
		040FADB22AD53973008E26EC /* weakStrong */ = {
			isa = PBXGroup;
			children = (
				040FADB32AD53973008E26EC /* AppDelegate.h */,
				040FADB42AD53973008E26EC /* AppDelegate.m */,
				040FADB62AD53973008E26EC /* SceneDelegate.h */,
				040FADB72AD53973008E26EC /* SceneDelegate.m */,
				040FADB92AD53973008E26EC /* ViewController.h */,
				040FADBA2AD53973008E26EC /* ViewController.m */,
				040FADBC2AD53973008E26EC /* Main.storyboard */,
				040FADBF2AD53975008E26EC /* Assets.xcassets */,
				040FADC12AD53975008E26EC /* LaunchScreen.storyboard */,
				040FADC42AD53975008E26EC /* Info.plist */,
				040FADC52AD53975008E26EC /* main.m */,
			);
			path = weakStrong;
			sourceTree = "<group>";
		};
		040FADCE2AD53975008E26EC /* weakStrongTests */ = {
			isa = PBXGroup;
			children = (
				040FADCF2AD53975008E26EC /* weakStrongTests.m */,
			);
			path = weakStrongTests;
			sourceTree = "<group>";
		};
		040FADD82AD53975008E26EC /* weakStrongUITests */ = {
			isa = PBXGroup;
			children = (
				040FADD92AD53975008E26EC /* weakStrongUITests.m */,
				040FADDB2AD53975008E26EC /* weakStrongUITestsLaunchTests.m */,
			);
			path = weakStrongUITests;
			sourceTree = "<group>";
		};
/* End PBXGroup section */

/* Begin PBXNativeTarget section */
		040FADAF2AD53973008E26EC /* weakStrong */ = {
			isa = PBXNativeTarget;
			buildConfigurationList = 040FADDF2AD53975008E26EC /* Build configuration list for PBXNativeTarget "weakStrong" */;
			buildPhases = (
				040FADAC2AD53973008E26EC /* Sources */,
				040FADAD2AD53973008E26EC /* Frameworks */,
				040FADAE2AD53973008E26EC /* Resources */,
			);
			buildRules = (
			);
			dependencies = (
			);
			name = weakStrong;
			productName = weakStrong;
			productReference = 040FADB02AD53973008E26EC /* weakStrong.app */;
			productType = "com.apple.product-type.application";
		};
		040FADCA2AD53975008E26EC /* weakStrongTests */ = {
			isa = PBXNativeTarget;
			buildConfigurationList = 040FADE22AD53975008E26EC /* Build configuration list for PBXNativeTarget "weakStrongTests" */;
			buildPhases = (
				040FADC72AD53975008E26EC /* Sources */,
				040FADC82AD53975008E26EC /* Frameworks */,
				040FADC92AD53975008E26EC /* Resources */,
			);
			buildRules = (
			);
			dependencies = (
				040FADCD2AD53975008E26EC /* PBXTargetDependency */,
			);
			name = weakStrongTests;
			productName = weakStrongTests;
			productReference = 040FADCB2AD53975008E26EC /* weakStrongTests.xctest */;
			productType = "com.apple.product-type.bundle.unit-test";
		};
		040FADD42AD53975008E26EC /* weakStrongUITests */ = {
			isa = PBXNativeTarget;
			buildConfigurationList = 040FADE52AD53975008E26EC /* Build configuration list for PBXNativeTarget "weakStrongUITests" */;
			buildPhases = (
				040FADD12AD53975008E26EC /* Sources */,
				040FADD22AD53975008E26EC /* Frameworks */,
				040FADD32AD53975008E26EC /* Resources */,
			);
			buildRules = (
			);
			dependencies = (
				040FADD72AD53975008E26EC /* PBXTargetDependency */,
			);
			name = weakStrongUITests;
			productName = weakStrongUITests;
			productReference = 040FADD52AD53975008E26EC /* weakStrongUITests.xctest */;
			productType = "com.apple.product-type.bundle.ui-testing";
		};
/* End PBXNativeTarget section */

/* Begin PBXProject section */
		040FADA82AD53973008E26EC /* Project object */ = {
			isa = PBXProject;
			attributes = {
				BuildIndependentTargetsInParallel = 1;
				LastUpgradeCheck = 1430;
				TargetAttributes = {
					040FADAF2AD53973008E26EC = {
						CreatedOnToolsVersion = 14.3.1;
					};
					040FADCA2AD53975008E26EC = {
						CreatedOnToolsVersion = 14.3.1;
						TestTargetID = 040FADAF2AD53973008E26EC;
					};
					040FADD42AD53975008E26EC = {
						CreatedOnToolsVersion = 14.3.1;
						TestTargetID = 040FADAF2AD53973008E26EC;
					};
				};
			};
			buildConfigurationList = 040FADAB2AD53973008E26EC /* Build configuration list for PBXProject "weakStrong" */;
			compatibilityVersion = "Xcode 14.0";
			developmentRegion = en;
			hasScannedForEncodings = 0;
			knownRegions = (
				en,
				Base,
			);
			mainGroup = 040FADA72AD53973008E26EC;
			productRefGroup = 040FADB12AD53973008E26EC /* Products */;
			projectDirPath = "";
			projectRoot = "";
			targets = (
				040FADAF2AD53973008E26EC /* weakStrong */,
				040FADCA2AD53975008E26EC /* weakStrongTests */,
				040FADD42AD53975008E26EC /* weakStrongUITests */,
			);
		};
/* End PBXProject section */

/* Begin PBXResourcesBuildPhase section */
		040FADAE2AD53973008E26EC /* Resources */ = {
			isa = PBXResourcesBuildPhase;
			buildActionMask = 2147483647;
			files = (
				040FADC32AD53975008E26EC /* LaunchScreen.storyboard in Resources */,
				040FADC02AD53975008E26EC /* Assets.xcassets in Resources */,
				040FADBE2AD53973008E26EC /* Main.storyboard in Resources */,
			);
			runOnlyForDeploymentPostprocessing = 0;
		};
		040FADC92AD53975008E26EC /* Resources */ = {
			isa = PBXResourcesBuildPhase;
			buildActionMask = 2147483647;
			files = (
			);
			runOnlyForDeploymentPostprocessing = 0;
		};
		040FADD32AD53975008E26EC /* Resources */ = {
			isa = PBXResourcesBuildPhase;
			buildActionMask = 2147483647;
			files = (
			);
			runOnlyForDeploymentPostprocessing = 0;
		};
/* End PBXResourcesBuildPhase section */

/* Begin PBXSourcesBuildPhase section */
		040FADAC2AD53973008E26EC /* Sources */ = {
			isa = PBXSourcesBuildPhase;
			buildActionMask = 2147483647;
			files = (
				040FADBB2AD53973008E26EC /* ViewController.m in Sources */,
				040FADB52AD53973008E26EC /* AppDelegate.m in Sources */,
				040FADC62AD53975008E26EC /* main.m in Sources */,
				040FADB82AD53973008E26EC /* SceneDelegate.m in Sources */,
			);
			runOnlyForDeploymentPostprocessing = 0;
		};
		040FADC72AD53975008E26EC /* Sources */ = {
			isa = PBXSourcesBuildPhase;
			buildActionMask = 2147483647;
			files = (
				040FADD02AD53975008E26EC /* weakStrongTests.m in Sources */,
			);
			runOnlyForDeploymentPostprocessing = 0;
		};
		040FADD12AD53975008E26EC /* Sources */ = {
			isa = PBXSourcesBuildPhase;
			buildActionMask = 2147483647;
			files = (
				040FADDA2AD53975008E26EC /* weakStrongUITests.m in Sources */,
				040FADDC2AD53975008E26EC /* weakStrongUITestsLaunchTests.m in Sources */,
			);
			runOnlyForDeploymentPostprocessing = 0;
		};
/* End PBXSourcesBuildPhase section */

/* Begin PBXTargetDependency section */
		040FADCD2AD53975008E26EC /* PBXTargetDependency */ = {
			isa = PBXTargetDependency;
			target = 040FADAF2AD53973008E26EC /* weakStrong */;
			targetProxy = 040FADCC2AD53975008E26EC /* PBXContainerItemProxy */;
		};
		040FADD72AD53975008E26EC /* PBXTargetDependency */ = {
			isa = PBXTargetDependency;
			target = 040FADAF2AD53973008E26EC /* weakStrong */;
			targetProxy = 040FADD62AD53975008E26EC /* PBXContainerItemProxy */;
		};
/* End PBXTargetDependency section */

/* Begin PBXVariantGroup section */
		040FADBC2AD53973008E26EC /* Main.storyboard */ = {
			isa = PBXVariantGroup;
			children = (
				040FADBD2AD53973008E26EC /* Base */,
			);
			name = Main.storyboard;
			sourceTree = "<group>";
		};
		040FADC12AD53975008E26EC /* LaunchScreen.storyboard */ = {
			isa = PBXVariantGroup;
			children = (
				040FADC22AD53975008E26EC /* Base */,
			);
			name = LaunchScreen.storyboard;
			sourceTree = "<group>";
		};
/* End PBXVariantGroup section */

/* Begin XCBuildConfiguration section */
		040FADDD2AD53975008E26EC /* Debug */ = {
			isa = XCBuildConfiguration;
			buildSettings = {
				ALWAYS_SEARCH_USER_PATHS = NO;
				CLANG_ANALYZER_NONNULL = YES;
				CLANG_ANALYZER_NUMBER_OBJECT_CONVERSION = YES_AGGRESSIVE;
				CLANG_CXX_LANGUAGE_STANDARD = "gnu++20";
				CLANG_ENABLE_MODULES = YES;
				CLANG_ENABLE_OBJC_ARC = YES;
				CLANG_ENABLE_OBJC_WEAK = YES;
				CLANG_WARN_BLOCK_CAPTURE_AUTORELEASING = YES;
				CLANG_WARN_BOOL_CONVERSION = YES;
				CLANG_WARN_COMMA = YES;
				CLANG_WARN_CONSTANT_CONVERSION = YES;
				CLANG_WARN_DEPRECATED_OBJC_IMPLEMENTATIONS = YES;
				CLANG_WARN_DIRECT_OBJC_ISA_USAGE = YES_ERROR;
				CLANG_WARN_DOCUMENTATION_COMMENTS = YES;
				CLANG_WARN_EMPTY_BODY = YES;
				CLANG_WARN_ENUM_CONVERSION = YES;
				CLANG_WARN_INFINITE_RECURSION = YES;
				CLANG_WARN_INT_CONVERSION = YES;
				CLANG_WARN_NON_LITERAL_NULL_CONVERSION = YES;
				CLANG_WARN_OBJC_IMPLICIT_RETAIN_SELF = YES;
				CLANG_WARN_OBJC_LITERAL_CONVERSION = YES;
				CLANG_WARN_OBJC_ROOT_CLASS = YES_ERROR;
				CLANG_WARN_QUOTED_INCLUDE_IN_FRAMEWORK_HEADER = YES;
				CLANG_WARN_RANGE_LOOP_ANALYSIS = YES;
				CLANG_WARN_STRICT_PROTOTYPES = YES;
				CLANG_WARN_SUSPICIOUS_MOVE = YES;
				CLANG_WARN_UNGUARDED_AVAILABILITY = YES_AGGRESSIVE;
				CLANG_WARN_UNREACHABLE_CODE = YES;
				CLANG_WARN__DUPLICATE_METHOD_MATCH = YES;
				COPY_PHASE_STRIP = NO;
				DEBUG_INFORMATION_FORMAT = dwarf;
				ENABLE_STRICT_OBJC_MSGSEND = YES;
				ENABLE_TESTABILITY = YES;
				GCC_C_LANGUAGE_STANDARD = gnu11;
				GCC_DYNAMIC_NO_PIC = NO;
				GCC_NO_COMMON_BLOCKS = YES;
				GCC_OPTIMIZATION_LEVEL = 0;
				GCC_PREPROCESSOR_DEFINITIONS = (
					"DEBUG=1",
					"$(inherited)",
				);
				GCC_WARN_64_TO_32_BIT_CONVERSION = YES;
				GCC_WARN_ABOUT_RETURN_TYPE = YES_ERROR;
				GCC_WARN_UNDECLARED_SELECTOR = YES;
				GCC_WARN_UNINITIALIZED_AUTOS = YES_AGGRESSIVE;
				GCC_WARN_UNUSED_FUNCTION = YES;
				GCC_WARN_UNUSED_VARIABLE = YES;
				IPHONEOS_DEPLOYMENT_TARGET = 16.4;
				MTL_ENABLE_DEBUG_INFO = INCLUDE_SOURCE;
				MTL_FAST_MATH = YES;
				ONLY_ACTIVE_ARCH = YES;
				SDKROOT = iphoneos;
			};
			name = Debug;
		};
		040FADDE2AD53975008E26EC /* Release */ = {
			isa = XCBuildConfiguration;
			buildSettings = {
				ALWAYS_SEARCH_USER_PATHS = NO;
				CLANG_ANALYZER_NONNULL = YES;
				CLANG_ANALYZER_NUMBER_OBJECT_CONVERSION = YES_AGGRESSIVE;
				CLANG_CXX_LANGUAGE_STANDARD = "gnu++20";
				CLANG_ENABLE_MODULES = YES;
				CLANG_ENABLE_OBJC_ARC = YES;
				CLANG_ENABLE_OBJC_WEAK = YES;
				CLANG_WARN_BLOCK_CAPTURE_AUTORELEASING = YES;
				CLANG_WARN_BOOL_CONVERSION = YES;
				CLANG_WARN_COMMA = YES;
				CLANG_WARN_CONSTANT_CONVERSION = YES;
				CLANG_WARN_DEPRECATED_OBJC_IMPLEMENTATIONS = YES;
				CLANG_WARN_DIRECT_OBJC_ISA_USAGE = YES_ERROR;
				CLANG_WARN_DOCUMENTATION_COMMENTS = YES;
				CLANG_WARN_EMPTY_BODY = YES;
				CLANG_WARN_ENUM_CONVERSION = YES;
				CLANG_WARN_INFINITE_RECURSION = YES;
				CLANG_WARN_INT_CONVERSION = YES;
				CLANG_WARN_NON_LITERAL_NULL_CONVERSION = YES;
				CLANG_WARN_OBJC_IMPLICIT_RETAIN_SELF = YES;
				CLANG_WARN_OBJC_LITERAL_CONVERSION = YES;
				CLANG_WARN_OBJC_ROOT_CLASS = YES_ERROR;
				CLANG_WARN_QUOTED_INCLUDE_IN_FRAMEWORK_HEADER = YES;
				CLANG_WARN_RANGE_LOOP_ANALYSIS = YES;
				CLANG_WARN_STRICT_PROTOTYPES = YES;
				CLANG_WARN_SUSPICIOUS_MOVE = YES;
				CLANG_WARN_UNGUARDED_AVAILABILITY = YES_AGGRESSIVE;
				CLANG_WARN_UNREACHABLE_CODE = YES;
				CLANG_WARN__DUPLICATE_METHOD_MATCH = YES;
				COPY_PHASE_STRIP = NO;
				DEBUG_INFORMATION_FORMAT = "dwarf-with-dsym";
				ENABLE_NS_ASSERTIONS = NO;
				ENABLE_STRICT_OBJC_MSGSEND = YES;
				GCC_C_LANGUAGE_STANDARD = gnu11;
				GCC_NO_COMMON_BLOCKS = YES;
				GCC_WARN_64_TO_32_BIT_CONVERSION = YES;
				GCC_WARN_ABOUT_RETURN_TYPE = YES_ERROR;
				GCC_WARN_UNDECLARED_SELECTOR = YES;
				GCC_WARN_UNINITIALIZED_AUTOS = YES_AGGRESSIVE;
				GCC_WARN_UNUSED_FUNCTION = YES;
				GCC_WARN_UNUSED_VARIABLE = YES;
				IPHONEOS_DEPLOYMENT_TARGET = 16.4;
				MTL_ENABLE_DEBUG_INFO = NO;
				MTL_FAST_MATH = YES;
				SDKROOT = iphoneos;
				VALIDATE_PRODUCT = YES;
			};
			name = Release;
		};
		040FADE02AD53975008E26EC /* Debug */ = {
			isa = XCBuildConfiguration;
			buildSettings = {
				ASSETCATALOG_COMPILER_APPICON_NAME = AppIcon;
				ASSETCATALOG_COMPILER_GLOBAL_ACCENT_COLOR_NAME = AccentColor;
				CODE_SIGN_STYLE = Automatic;
				CURRENT_PROJECT_VERSION = 1;
				DEVELOPMENT_TEAM = BQKQKQSGB4;
				GENERATE_INFOPLIST_FILE = YES;
				INFOPLIST_FILE = weakStrong/Info.plist;
				INFOPLIST_KEY_UIApplicationSupportsIndirectInputEvents = YES;
				INFOPLIST_KEY_UILaunchStoryboardName = LaunchScreen;
				INFOPLIST_KEY_UIMainStoryboardFile = Main;
				INFOPLIST_KEY_UISupportedInterfaceOrientations_iPad = "UIInterfaceOrientationPortrait UIInterfaceOrientationPortraitUpsideDown UIInterfaceOrientationLandscapeLeft UIInterfaceOrientationLandscapeRight";
				INFOPLIST_KEY_UISupportedInterfaceOrientations_iPhone = "UIInterfaceOrientationPortrait UIInterfaceOrientationLandscapeLeft UIInterfaceOrientationLandscapeRight";
				LD_RUNPATH_SEARCH_PATHS = (
					"$(inherited)",
					"@executable_path/Frameworks",
				);
				MARKETING_VERSION = 1.0;
				PRODUCT_BUNDLE_IDENTIFIER = com.jingting.weakStrong;
				PRODUCT_NAME = "$(TARGET_NAME)";
				SWIFT_EMIT_LOC_STRINGS = YES;
				TARGETED_DEVICE_FAMILY = "1,2";
			};
			name = Debug;
		};
		040FADE12AD53975008E26EC /* Release */ = {
			isa = XCBuildConfiguration;
			buildSettings = {
				ASSETCATALOG_COMPILER_APPICON_NAME = AppIcon;
				ASSETCATALOG_COMPILER_GLOBAL_ACCENT_COLOR_NAME = AccentColor;
				CODE_SIGN_STYLE = Automatic;
				CURRENT_PROJECT_VERSION = 1;
				DEVELOPMENT_TEAM = BQKQKQSGB4;
				GENERATE_INFOPLIST_FILE = YES;
				INFOPLIST_FILE = weakStrong/Info.plist;
				INFOPLIST_KEY_UIApplicationSupportsIndirectInputEvents = YES;
				INFOPLIST_KEY_UILaunchStoryboardName = LaunchScreen;
				INFOPLIST_KEY_UIMainStoryboardFile = Main;
				INFOPLIST_KEY_UISupportedInterfaceOrientations_iPad = "UIInterfaceOrientationPortrait UIInterfaceOrientationPortraitUpsideDown UIInterfaceOrientationLandscapeLeft UIInterfaceOrientationLandscapeRight";
				INFOPLIST_KEY_UISupportedInterfaceOrientations_iPhone = "UIInterfaceOrientationPortrait UIInterfaceOrientationLandscapeLeft UIInterfaceOrientationLandscapeRight";
				LD_RUNPATH_SEARCH_PATHS = (
					"$(inherited)",
					"@executable_path/Frameworks",
				);
				MARKETING_VERSION = 1.0;
				PRODUCT_BUNDLE_IDENTIFIER = com.jingting.weakStrong;
				PRODUCT_NAME = "$(TARGET_NAME)";
				SWIFT_EMIT_LOC_STRINGS = YES;
				TARGETED_DEVICE_FAMILY = "1,2";
			};
			name = Release;
		};
		040FADE32AD53975008E26EC /* Debug */ = {
			isa = XCBuildConfiguration;
			buildSettings = {
				BUNDLE_LOADER = "$(TEST_HOST)";
				CODE_SIGN_STYLE = Automatic;
				CURRENT_PROJECT_VERSION = 1;
				DEVELOPMENT_TEAM = BQKQKQSGB4;
				GENERATE_INFOPLIST_FILE = YES;
				IPHONEOS_DEPLOYMENT_TARGET = 16.4;
				MARKETING_VERSION = 1.0;
				PRODUCT_BUNDLE_IDENTIFIER = com.jingting.weakStrongTests;
				PRODUCT_NAME = "$(TARGET_NAME)";
				SWIFT_EMIT_LOC_STRINGS = NO;
				TARGETED_DEVICE_FAMILY = "1,2";
				TEST_HOST = "$(BUILT_PRODUCTS_DIR)/weakStrong.app/$(BUNDLE_EXECUTABLE_FOLDER_PATH)/weakStrong";
			};
			name = Debug;
		};
		040FADE42AD53975008E26EC /* Release */ = {
			isa = XCBuildConfiguration;
			buildSettings = {
				BUNDLE_LOADER = "$(TEST_HOST)";
				CODE_SIGN_STYLE = Automatic;
				CURRENT_PROJECT_VERSION = 1;
				DEVELOPMENT_TEAM = BQKQKQSGB4;
				GENERATE_INFOPLIST_FILE = YES;
				IPHONEOS_DEPLOYMENT_TARGET = 16.4;
				MARKETING_VERSION = 1.0;
				PRODUCT_BUNDLE_IDENTIFIER = com.jingting.weakStrongTests;
				PRODUCT_NAME = "$(TARGET_NAME)";
				SWIFT_EMIT_LOC_STRINGS = NO;
				TARGETED_DEVICE_FAMILY = "1,2";
				TEST_HOST = "$(BUILT_PRODUCTS_DIR)/weakStrong.app/$(BUNDLE_EXECUTABLE_FOLDER_PATH)/weakStrong";
			};
			name = Release;
		};
		040FADE62AD53975008E26EC /* Debug */ = {
			isa = XCBuildConfiguration;
			buildSettings = {
				CODE_SIGN_STYLE = Automatic;
				CURRENT_PROJECT_VERSION = 1;
				DEVELOPMENT_TEAM = BQKQKQSGB4;
				GENERATE_INFOPLIST_FILE = YES;
				MARKETING_VERSION = 1.0;
				PRODUCT_BUNDLE_IDENTIFIER = com.jingting.weakStrongUITests;
				PRODUCT_NAME = "$(TARGET_NAME)";
				SWIFT_EMIT_LOC_STRINGS = NO;
				TARGETED_DEVICE_FAMILY = "1,2";
				TEST_TARGET_NAME = weakStrong;
			};
			name = Debug;
		};
		040FADE72AD53975008E26EC /* Release */ = {
			isa = XCBuildConfiguration;
			buildSettings = {
				CODE_SIGN_STYLE = Automatic;
				CURRENT_PROJECT_VERSION = 1;
				DEVELOPMENT_TEAM = BQKQKQSGB4;
				GENERATE_INFOPLIST_FILE = YES;
				MARKETING_VERSION = 1.0;
				PRODUCT_BUNDLE_IDENTIFIER = com.jingting.weakStrongUITests;
				PRODUCT_NAME = "$(TARGET_NAME)";
				SWIFT_EMIT_LOC_STRINGS = NO;
				TARGETED_DEVICE_FAMILY = "1,2";
				TEST_TARGET_NAME = weakStrong;
			};
			name = Release;
		};
/* End XCBuildConfiguration section */

/* Begin XCConfigurationList section */
		040FADAB2AD53973008E26EC /* Build configuration list for PBXProject "weakStrong" */ = {
			isa = XCConfigurationList;
			buildConfigurations = (
				040FADDD2AD53975008E26EC /* Debug */,
				040FADDE2AD53975008E26EC /* Release */,
			);
			defaultConfigurationIsVisible = 0;
			defaultConfigurationName = Release;
		};
		040FADDF2AD53975008E26EC /* Build configuration list for PBXNativeTarget "weakStrong" */ = {
			isa = XCConfigurationList;
			buildConfigurations = (
				040FADE02AD53975008E26EC /* Debug */,
				040FADE12AD53975008E26EC /* Release */,
			);
			defaultConfigurationIsVisible = 0;
			defaultConfigurationName = Release;
		};
		040FADE22AD53975008E26EC /* Build configuration list for PBXNativeTarget "weakStrongTests" */ = {
			isa = XCConfigurationList;
			buildConfigurations = (
				040FADE32AD53975008E26EC /* Debug */,
				040FADE42AD53975008E26EC /* Release */,
			);
			defaultConfigurationIsVisible = 0;
			defaultConfigurationName = Release;
		};
		040FADE52AD53975008E26EC /* Build configuration list for PBXNativeTarget "weakStrongUITests" */ = {
			isa = XCConfigurationList;
			buildConfigurations = (
				040FADE62AD53975008E26EC /* Debug */,
				040FADE72AD53975008E26EC /* Release */,
			);
			defaultConfigurationIsVisible = 0;
			defaultConfigurationName = Release;
		};
/* End XCConfigurationList section */
	};
	rootObject = 040FADA82AD53973008E26EC /* Project object */;
}
